
Microsoft Visual Studio Solution File, Format Version 12.00
# Visual Studio Version 17
VisualStudioVersion = 17.5.002.0
MinimumVisualStudioVersion = 10.0.40219.1
Project("{9A19103F-16F7-4668-BE54-9A1E7A4F7556}") = "RizzziGit.Framework", "RizzziGit.Framework.csproj", "{7841EE7B-9049-41CB-B4F0-31767839348F}"
EndProject
Global
	GlobalSection(SolutionConfigurationPlatforms) = preSolution
		Debug|Any CPU = Debug|Any CPU
		Release|Any CPU = Release|Any CPU
	EndGlobalSection
	GlobalSection(ProjectConfigurationPlatforms) = postSolution
		{7841EE7B-9049-41CB-B4F0-31767839348F}.Debug|Any CPU.ActiveCfg = Debug|Any CPU
		{7841EE7B-9049-41CB-B4F0-31767839348F}.Debug|Any CPU.Build.0 = Debug|Any CPU
		{7841EE7B-9049-41CB-B4F0-31767839348F}.Release|Any CPU.ActiveCfg = Release|Any CPU
		{7841EE7B-9049-41CB-B4F0-31767839348F}.Release|Any CPU.Build.0 = Release|Any CPU
	EndGlobalSection
	GlobalSection(SolutionProperties) = preSolution
		HideSolutionNode = FALSE
	EndGlobalSection
	GlobalSection(ExtensibilityGlobals) = postSolution
		SolutionGuid = {644EAB57-C3E0-470E-B68B-CE2442C7C03A}
	EndGlobalSection
EndGlobal
